
Microsoft Visual Studio Solution File, Format Version 12.00
# Visual Studio Version 17
VisualStudioVersion = 17.13.35931.197 d17.13
MinimumVisualStudioVersion = 10.0.40219.1
Project("{FAE04EC0-301F-11D3-BF4B-00C04F79EFBC}") = "AngularHost", "AngularHost.csproj", "{2957D95A-3174-4615-A5A3-2B5449899795}"
EndProject
Global
	GlobalSection(SolutionConfigurationPlatforms) = preSolution
		Debug|Any CPU = Debug|Any CPU
		Release|Any CPU = Release|Any CPU
	EndGlobalSection
	GlobalSection(ProjectConfigurationPlatforms) = postSolution
		{2957D95A-3174-4615-A5A3-2B5449899795}.Debug|Any CPU.ActiveCfg = Debug|Any CPU
		{2957D95A-3174-4615-A5A3-2B5449899795}.Debug|Any CPU.Build.0 = Debug|Any CPU
		{2957D95A-3174-4615-A5A3-2B5449899795}.Release|Any CPU.ActiveCfg = Release|Any CPU
		{2957D95A-3174-4615-A5A3-2B5449899795}.Release|Any CPU.Build.0 = Release|Any CPU
	EndGlobalSection
	GlobalSection(SolutionProperties) = preSolution
		HideSolutionNode = FALSE
	EndGlobalSection
	GlobalSection(ExtensibilityGlobals) = postSolution
		SolutionGuid = {335907AD-4354-405A-8DD2-AFA98784A0A0}
	EndGlobalSection
EndGlobal
